
Microsoft Visual Studio Solution File, Format Version 12.00
# Visual Studio Version 17
VisualStudioVersion = 17.0.31903.59
MinimumVisualStudioVersion = 10.0.40219.1
Project("{2150E333-8FDC-42A3-9474-1A3956D46DE8}") = "libraries", "libraries", "{F2E35B3E-9711-EDEC-6202-DB40BDEED14A}"
EndProject
Project("{FAE04EC0-301F-11D3-BF4B-00C04F79EFBC}") = "Sugoi.Data", "libraries\Sugoi.Data\Sugoi.Data.csproj", "{E7DEFE44-81BC-4160-9B30-8E44E63D7FEA}"
EndProject
Project("{FAE04EC0-301F-11D3-BF4B-00C04F79EFBC}") = "Sugoi.Tasks", "libraries\Sugoi.Tasks\Sugoi.Tasks.csproj", "{64D51236-0591-4FE7-AC19-C832DA71BF7F}"
EndProject
Project("{FAE04EC0-301F-11D3-BF4B-00C04F79EFBC}") = "Sugoi.SourceGen", "libraries\Sugoi.SourceGen\Sugoi.SourceGen.csproj", "{955CCC7A-E8AE-4F44-B073-6A37E6074951}"
EndProject
Project("{2150E333-8FDC-42A3-9474-1A3956D46DE8}") = "tests", "tests", "{0AB3BF05-4346-4AA6-1389-037BE0695223}"
EndProject
Project("{FAE04EC0-301F-11D3-BF4B-00C04F79EFBC}") = "SugoiFixtures", "tests\SugoiFixtures\SugoiFixtures.csproj", "{1E5ADE92-0A66-4620-9375-97717A3DBE4F}"
EndProject
Project("{FAE04EC0-301F-11D3-BF4B-00C04F79EFBC}") = "SugoiChecks", "tests\SugoiChecks\SugoiChecks.csproj", "{D3877F4A-188A-4F38-852D-F3079C6C97EA}"
EndProject
Project("{FAE04EC0-301F-11D3-BF4B-00C04F79EFBC}") = "SugoiGeneratorChecks", "tests\SugoiGeneratorChecks\SugoiGeneratorChecks.csproj", "{AC9A14BF-69D5-4C15-8154-177082E89B95}"
EndProject
Project("{2150E333-8FDC-42A3-9474-1A3956D46DE8}") = "samples", "samples", "{5D20AA90-6969-D8BD-9DCD-8634F4692FDA}"
EndProject
Project("{FAE04EC0-301F-11D3-BF4B-00C04F79EFBC}") = "Sugoi.DefenseSimulation", "samples\Sugoi.DefenseSimulation\Sugoi.DefenseSimulation.csproj", "{F496FEEC-CC6B-4579-87FB-50CAD2E9719C}"
EndProject
Global
	GlobalSection(SolutionConfigurationPlatforms) = preSolution
		Debug|Any CPU = Debug|Any CPU
		Debug|x64 = Debug|x64
		Debug|x86 = Debug|x86
		Release|Any CPU = Release|Any CPU
		Release|x64 = Release|x64
		Release|x86 = Release|x86
	EndGlobalSection
	GlobalSection(ProjectConfigurationPlatforms) = postSolution
		{E7DEFE44-81BC-4160-9B30-8E44E63D7FEA}.Debug|Any CPU.ActiveCfg = Debug|Any CPU
		{E7DEFE44-81BC-4160-9B30-8E44E63D7FEA}.Debug|Any CPU.Build.0 = Debug|Any CPU
		{E7DEFE44-81BC-4160-9B30-8E44E63D7FEA}.Debug|x64.ActiveCfg = Debug|Any CPU
		{E7DEFE44-81BC-4160-9B30-8E44E63D7FEA}.Debug|x64.Build.0 = Debug|Any CPU
		{E7DEFE44-81BC-4160-9B30-8E44E63D7FEA}.Debug|x86.ActiveCfg = Debug|Any CPU
		{E7DEFE44-81BC-4160-9B30-8E44E63D7FEA}.Debug|x86.Build.0 = Debug|Any CPU
		{E7DEFE44-81BC-4160-9B30-8E44E63D7FEA}.Release|Any CPU.ActiveCfg = Release|Any CPU
		{E7DEFE44-81BC-4160-9B30-8E44E63D7FEA}.Release|Any CPU.Build.0 = Release|Any CPU
		{E7DEFE44-81BC-4160-9B30-8E44E63D7FEA}.Release|x64.ActiveCfg = Release|Any CPU
		{E7DEFE44-81BC-4160-9B30-8E44E63D7FEA}.Release|x64.Build.0 = Release|Any CPU
		{E7DEFE44-81BC-4160-9B30-8E44E63D7FEA}.Release|x86.ActiveCfg = Release|Any CPU
		{E7DEFE44-81BC-4160-9B30-8E44E63D7FEA}.Release|x86.Build.0 = Release|Any CPU
		{64D51236-0591-4FE7-AC19-C832DA71BF7F}.Debug|Any CPU.ActiveCfg = Debug|Any CPU
		{64D51236-0591-4FE7-AC19-C832DA71BF7F}.Debug|Any CPU.Build.0 = Debug|Any CPU
		{64D51236-0591-4FE7-AC19-C832DA71BF7F}.Debug|x64.ActiveCfg = Debug|Any CPU
		{64D51236-0591-4FE7-AC19-C832DA71BF7F}.Debug|x64.Build.0 = Debug|Any CPU
		{64D51236-0591-4FE7-AC19-C832DA71BF7F}.Debug|x86.ActiveCfg = Debug|Any CPU
		{64D51236-0591-4FE7-AC19-C832DA71BF7F}.Debug|x86.Build.0 = Debug|Any CPU
		{64D51236-0591-4FE7-AC19-C832DA71BF7F}.Release|Any CPU.ActiveCfg = Release|Any CPU
		{64D51236-0591-4FE7-AC19-C832DA71BF7F}.Release|Any CPU.Build.0 = Release|Any CPU
		{64D51236-0591-4FE7-AC19-C832DA71BF7F}.Release|x64.ActiveCfg = Release|Any CPU
		{64D51236-0591-4FE7-AC19-C832DA71BF7F}.Release|x64.Build.0 = Release|Any CPU
		{64D51236-0591-4FE7-AC19-C832DA71BF7F}.Release|x86.ActiveCfg = Release|Any CPU
		{64D51236-0591-4FE7-AC19-C832DA71BF7F}.Release|x86.Build.0 = Release|Any CPU
		{955CCC7A-E8AE-4F44-B073-6A37E6074951}.Debug|Any CPU.ActiveCfg = Debug|Any CPU
		{955CCC7A-E8AE-4F44-B073-6A37E6074951}.Debug|Any CPU.Build.0 = Debug|Any CPU
		{955CCC7A-E8AE-4F44-B073-6A37E6074951}.Debug|x64.ActiveCfg = Debug|Any CPU
		{955CCC7A-E8AE-4F44-B073-6A37E6074951}.Debug|x64.Build.0 = Debug|Any CPU
		{955CCC7A-E8AE-4F44-B073-6A37E6074951}.Debug|x86.ActiveCfg = Debug|Any CPU
		{955CCC7A-E8AE-4F44-B073-6A37E6074951}.Debug|x86.Build.0 = Debug|Any CPU
		{955CCC7A-E8AE-4F44-B073-6A37E6074951}.Release|Any CPU.ActiveCfg = Release|Any CPU
		{955CCC7A-E8AE-4F44-B073-6A37E6074951}.Release|Any CPU.Build.0 = Release|Any CPU
		{955CCC7A-E8AE-4F44-B073-6A37E6074951}.Release|x64.ActiveCfg = Release|Any CPU
		{955CCC7A-E8AE-4F44-B073-6A37E6074951}.Release|x64.Build.0 = Release|Any CPU
		{955CCC7A-E8AE-4F44-B073-6A37E6074951}.Release|x86.ActiveCfg = Release|Any CPU
		{955CCC7A-E8AE-4F44-B073-6A37E6074951}.Release|x86.Build.0 = Release|Any CPU
		{1E5ADE92-0A66-4620-9375-97717A3DBE4F}.Debug|Any CPU.ActiveCfg = Debug|Any CPU
		{1E5ADE92-0A66-4620-9375-97717A3DBE4F}.Debug|Any CPU.Build.0 = Debug|Any CPU
		{1E5ADE92-0A66-4620-9375-97717A3DBE4F}.Debug|x64.ActiveCfg = Debug|Any CPU
		{1E5ADE92-0A66-4620-9375-97717A3DBE4F}.Debug|x64.Build.0 = Debug|Any CPU
		{1E5ADE92-0A66-4620-9375-97717A3DBE4F}.Debug|x86.ActiveCfg = Debug|Any CPU
		{1E5ADE92-0A66-4620-9375-97717A3DBE4F}.Debug|x86.Build.0 = Debug|Any CPU
		{1E5ADE92-0A66-4620-9375-97717A3DBE4F}.Release|Any CPU.ActiveCfg = Release|Any CPU
		{1E5ADE92-0A66-4620-9375-97717A3DBE4F}.Release|Any CPU.Build.0 = Release|Any CPU
		{1E5ADE92-0A66-4620-9375-97717A3DBE4F}.Release|x64.ActiveCfg = Release|Any CPU
		{1E5ADE92-0A66-4620-9375-97717A3DBE4F}.Release|x64.Build.0 = Release|Any CPU
		{1E5ADE92-0A66-4620-9375-97717A3DBE4F}.Release|x86.ActiveCfg = Release|Any CPU
		{1E5ADE92-0A66-4620-9375-97717A3DBE4F}.Release|x86.Build.0 = Release|Any CPU
		{D3877F4A-188A-4F38-852D-F3079C6C97EA}.Debug|Any CPU.ActiveCfg = Debug|Any CPU
		{D3877F4A-188A-4F38-852D-F3079C6C97EA}.Debug|Any CPU.Build.0 = Debug|Any CPU
		{D3877F4A-188A-4F38-852D-F3079C6C97EA}.Debug|x64.ActiveCfg = Debug|Any CPU
		{D3877F4A-188A-4F38-852D-F3079C6C97EA}.Debug|x64.Build.0 = Debug|Any CPU
		{D3877F4A-188A-4F38-852D-F3079C6C97EA}.Debug|x86.ActiveCfg = Debug|Any CPU
		{D3877F4A-188A-4F38-852D-F3079C6C97EA}.Debug|x86.Build.0 = Debug|Any CPU
		{D3877F4A-188A-4F38-852D-F3079C6C97EA}.Release|Any CPU.ActiveCfg = Release|Any CPU
		{D3877F4A-188A-4F38-852D-F3079C6C97EA}.Release|Any CPU.Build.0 = Release|Any CPU
		{D3877F4A-188A-4F38-852D-F3079C6C97EA}.Release|x64.ActiveCfg = Release|Any CPU
		{D3877F4A-188A-4F38-852D-F3079C6C97EA}.Release|x64.Build.0 = Release|Any CPU
		{D3877F4A-188A-4F38-852D-F3079C6C97EA}.Release|x86.ActiveCfg = Release|Any CPU
		{D3877F4A-188A-4F38-852D-F3079C6C97EA}.Release|x86.Build.0 = Release|Any CPU
		{AC9A14BF-69D5-4C15-8154-177082E89B95}.Debug|Any CPU.ActiveCfg = Debug|Any CPU
		{AC9A14BF-69D5-4C15-8154-177082E89B95}.Debug|Any CPU.Build.0 = Debug|Any CPU
		{AC9A14BF-69D5-4C15-8154-177082E89B95}.Debug|x64.ActiveCfg = Debug|Any CPU
		{AC9A14BF-69D5-4C15-8154-177082E89B95}.Debug|x64.Build.0 = Debug|Any CPU
		{AC9A14BF-69D5-4C15-8154-177082E89B95}.Debug|x86.ActiveCfg = Debug|Any CPU
		{AC9A14BF-69D5-4C15-8154-177082E89B95}.Debug|x86.Build.0 = Debug|Any CPU
		{AC9A14BF-69D5-4C15-8154-177082E89B95}.Release|Any CPU.ActiveCfg = Release|Any CPU
		{AC9A14BF-69D5-4C15-8154-177082E89B95}.Release|Any CPU.Build.0 = Release|Any CPU
		{AC9A14BF-69D5-4C15-8154-177082E89B95}.Release|x64.ActiveCfg = Release|Any CPU
		{AC9A14BF-69D5-4C15-8154-177082E89B95}.Release|x64.Build.0 = Release|Any CPU
		{AC9A14BF-69D5-4C15-8154-177082E89B95}.Release|x86.ActiveCfg = Release|Any CPU
		{AC9A14BF-69D5-4C15-8154-177082E89B95}.Release|x86.Build.0 = Release|Any CPU
		{F496FEEC-CC6B-4579-87FB-50CAD2E9719C}.Debug|Any CPU.ActiveCfg = Debug|Any CPU
		{F496FEEC-CC6B-4579-87FB-50CAD2E9719C}.Debug|Any CPU.Build.0 = Debug|Any CPU
		{F496FEEC-CC6B-4579-87FB-50CAD2E9719C}.Debug|x64.ActiveCfg = Debug|Any CPU
		{F496FEEC-CC6B-4579-87FB-50CAD2E9719C}.Debug|x64.Build.0 = Debug|Any CPU
		{F496FEEC-CC6B-4579-87FB-50CAD2E9719C}.Debug|x86.ActiveCfg = Debug|Any CPU
		{F496FEEC-CC6B-4579-87FB-50CAD2E9719C}.Debug|x86.Build.0 = Debug|Any CPU
		{F496FEEC-CC6B-4579-87FB-50CAD2E9719C}.Release|Any CPU.ActiveCfg = Release|Any CPU
		{F496FEEC-CC6B-4579-87FB-50CAD2E9719C}.Release|Any CPU.Build.0 = Release|Any CPU
		{F496FEEC-CC6B-4579-87FB-50CAD2E9719C}.Release|x64.ActiveCfg = Release|Any CPU
		{F496FEEC-CC6B-4579-87FB-50CAD2E9719C}.Release|x64.Build.0 = Release|Any CPU
		{F496FEEC-CC6B-4579-87FB-50CAD2E9719C}.Release|x86.ActiveCfg = Release|Any CPU
		{F496FEEC-CC6B-4579-87FB-50CAD2E9719C}.Release|x86.Build.0 = Release|Any CPU
	EndGlobalSection
	GlobalSection(SolutionProperties) = preSolution
		HideSolutionNode = FALSE
	EndGlobalSection
	GlobalSection(NestedProjects) = preSolution
		{E7DEFE44-81BC-4160-9B30-8E44E63D7FEA} = {F2E35B3E-9711-EDEC-6202-DB40BDEED14A}
		{64D51236-0591-4FE7-AC19-C832DA71BF7F} = {F2E35B3E-9711-EDEC-6202-DB40BDEED14A}
		{955CCC7A-E8AE-4F44-B073-6A37E6074951} = {F2E35B3E-9711-EDEC-6202-DB40BDEED14A}
		{1E5ADE92-0A66-4620-9375-97717A3DBE4F} = {0AB3BF05-4346-4AA6-1389-037BE0695223}
		{D3877F4A-188A-4F38-852D-F3079C6C97EA} = {0AB3BF05-4346-4AA6-1389-037BE0695223}
		{AC9A14BF-69D5-4C15-8154-177082E89B95} = {0AB3BF05-4346-4AA6-1389-037BE0695223}
		{F496FEEC-CC6B-4579-87FB-50CAD2E9719C} = {5D20AA90-6969-D8BD-9DCD-8634F4692FDA}
	EndGlobalSection
EndGlobal
