
Microsoft Visual Studio Solution File, Format Version 12.00
# Visual Studio Version 17
VisualStudioVersion = 17.0.31903.59
MinimumVisualStudioVersion = 10.0.40219.1
Project("{2150E333-8FDC-42A3-9474-1A3956D46DE8}") = "libraries", "libraries", "{F2E35B3E-9711-EDEC-6202-DB40BDEED14A}"
EndProject
Project("{FAE04EC0-301F-11D3-BF4B-00C04F79EFBC}") = "SkrGui.Core", "libraries\SkrGui.Core\SkrGui.Core.csproj", "{220A1553-AE11-421F-A607-51879B59254E}"
EndProject
Project("{FAE04EC0-301F-11D3-BF4B-00C04F79EFBC}") = "SkrGui.Godot", "libraries\SkrGui.Godot\SkrGui.Godot.csproj", "{205F9FAF-9775-4E9B-A00C-623CFA907535}"
EndProject
Project("{2150E333-8FDC-42A3-9474-1A3956D46DE8}") = "tests", "tests", "{0AB3BF05-4346-4AA6-1389-037BE0695223}"
EndProject
Project("{FAE04EC0-301F-11D3-BF4B-00C04F79EFBC}") = "SkrGui.Core.Tests", "tests\SkrGui.Core.Tests\SkrGui.Core.Tests.csproj", "{4A2AC979-9D44-4B55-AFF3-BE622B66ECE5}"
EndProject
Project("{2150E333-8FDC-42A3-9474-1A3956D46DE8}") = "godot", "godot", "{8D4FAABC-C56A-6D5C-8531-6A6B417F5DBA}"
EndProject
Project("{FAE04EC0-301F-11D3-BF4B-00C04F79EFBC}") = "SkrGuiHost", "godot\SkrGuiHost\SkrGuiHost.csproj", "{1B2EED26-0156-446D-A4DD-6A31B63BDEF0}"
EndProject
Project("{FAE04EC0-301F-11D3-BF4B-00C04F79EFBC}") = "SkrGui.Godot.Tests", "tests\SkrGui.Godot.Tests\SkrGui.Godot.Tests.csproj", "{84BB2B5D-260D-4339-A8D2-0F7272B5EE1A}"
EndProject
Global
	GlobalSection(SolutionConfigurationPlatforms) = preSolution
		Debug|Any CPU = Debug|Any CPU
		Debug|x64 = Debug|x64
		Debug|x86 = Debug|x86
		Release|Any CPU = Release|Any CPU
		Release|x64 = Release|x64
		Release|x86 = Release|x86
	EndGlobalSection
	GlobalSection(ProjectConfigurationPlatforms) = postSolution
		{220A1553-AE11-421F-A607-51879B59254E}.Debug|Any CPU.ActiveCfg = Debug|Any CPU
		{220A1553-AE11-421F-A607-51879B59254E}.Debug|Any CPU.Build.0 = Debug|Any CPU
		{220A1553-AE11-421F-A607-51879B59254E}.Debug|x64.ActiveCfg = Debug|Any CPU
		{220A1553-AE11-421F-A607-51879B59254E}.Debug|x64.Build.0 = Debug|Any CPU
		{220A1553-AE11-421F-A607-51879B59254E}.Debug|x86.ActiveCfg = Debug|Any CPU
		{220A1553-AE11-421F-A607-51879B59254E}.Debug|x86.Build.0 = Debug|Any CPU
		{220A1553-AE11-421F-A607-51879B59254E}.Release|Any CPU.ActiveCfg = Release|Any CPU
		{220A1553-AE11-421F-A607-51879B59254E}.Release|Any CPU.Build.0 = Release|Any CPU
		{220A1553-AE11-421F-A607-51879B59254E}.Release|x64.ActiveCfg = Release|Any CPU
		{220A1553-AE11-421F-A607-51879B59254E}.Release|x64.Build.0 = Release|Any CPU
		{220A1553-AE11-421F-A607-51879B59254E}.Release|x86.ActiveCfg = Release|Any CPU
		{220A1553-AE11-421F-A607-51879B59254E}.Release|x86.Build.0 = Release|Any CPU
		{205F9FAF-9775-4E9B-A00C-623CFA907535}.Debug|Any CPU.ActiveCfg = Debug|Any CPU
		{205F9FAF-9775-4E9B-A00C-623CFA907535}.Debug|Any CPU.Build.0 = Debug|Any CPU
		{205F9FAF-9775-4E9B-A00C-623CFA907535}.Debug|x64.ActiveCfg = Debug|Any CPU
		{205F9FAF-9775-4E9B-A00C-623CFA907535}.Debug|x64.Build.0 = Debug|Any CPU
		{205F9FAF-9775-4E9B-A00C-623CFA907535}.Debug|x86.ActiveCfg = Debug|Any CPU
		{205F9FAF-9775-4E9B-A00C-623CFA907535}.Debug|x86.Build.0 = Debug|Any CPU
		{205F9FAF-9775-4E9B-A00C-623CFA907535}.Release|Any CPU.ActiveCfg = Release|Any CPU
		{205F9FAF-9775-4E9B-A00C-623CFA907535}.Release|Any CPU.Build.0 = Release|Any CPU
		{205F9FAF-9775-4E9B-A00C-623CFA907535}.Release|x64.ActiveCfg = Release|Any CPU
		{205F9FAF-9775-4E9B-A00C-623CFA907535}.Release|x64.Build.0 = Release|Any CPU
		{205F9FAF-9775-4E9B-A00C-623CFA907535}.Release|x86.ActiveCfg = Release|Any CPU
		{205F9FAF-9775-4E9B-A00C-623CFA907535}.Release|x86.Build.0 = Release|Any CPU
		{4A2AC979-9D44-4B55-AFF3-BE622B66ECE5}.Debug|Any CPU.ActiveCfg = Debug|Any CPU
		{4A2AC979-9D44-4B55-AFF3-BE622B66ECE5}.Debug|Any CPU.Build.0 = Debug|Any CPU
		{4A2AC979-9D44-4B55-AFF3-BE622B66ECE5}.Debug|x64.ActiveCfg = Debug|Any CPU
		{4A2AC979-9D44-4B55-AFF3-BE622B66ECE5}.Debug|x64.Build.0 = Debug|Any CPU
		{4A2AC979-9D44-4B55-AFF3-BE622B66ECE5}.Debug|x86.ActiveCfg = Debug|Any CPU
		{4A2AC979-9D44-4B55-AFF3-BE622B66ECE5}.Debug|x86.Build.0 = Debug|Any CPU
		{4A2AC979-9D44-4B55-AFF3-BE622B66ECE5}.Release|Any CPU.ActiveCfg = Release|Any CPU
		{4A2AC979-9D44-4B55-AFF3-BE622B66ECE5}.Release|Any CPU.Build.0 = Release|Any CPU
		{4A2AC979-9D44-4B55-AFF3-BE622B66ECE5}.Release|x64.ActiveCfg = Release|Any CPU
		{4A2AC979-9D44-4B55-AFF3-BE622B66ECE5}.Release|x64.Build.0 = Release|Any CPU
		{4A2AC979-9D44-4B55-AFF3-BE622B66ECE5}.Release|x86.ActiveCfg = Release|Any CPU
		{4A2AC979-9D44-4B55-AFF3-BE622B66ECE5}.Release|x86.Build.0 = Release|Any CPU
		{1B2EED26-0156-446D-A4DD-6A31B63BDEF0}.Debug|Any CPU.ActiveCfg = Debug|Any CPU
		{1B2EED26-0156-446D-A4DD-6A31B63BDEF0}.Debug|Any CPU.Build.0 = Debug|Any CPU
		{1B2EED26-0156-446D-A4DD-6A31B63BDEF0}.Debug|x64.ActiveCfg = Debug|Any CPU
		{1B2EED26-0156-446D-A4DD-6A31B63BDEF0}.Debug|x64.Build.0 = Debug|Any CPU
		{1B2EED26-0156-446D-A4DD-6A31B63BDEF0}.Debug|x86.ActiveCfg = Debug|Any CPU
		{1B2EED26-0156-446D-A4DD-6A31B63BDEF0}.Debug|x86.Build.0 = Debug|Any CPU
		{1B2EED26-0156-446D-A4DD-6A31B63BDEF0}.Release|Any CPU.ActiveCfg = Debug|Any CPU
		{1B2EED26-0156-446D-A4DD-6A31B63BDEF0}.Release|Any CPU.Build.0 = Debug|Any CPU
		{1B2EED26-0156-446D-A4DD-6A31B63BDEF0}.Release|x64.ActiveCfg = Debug|Any CPU
		{1B2EED26-0156-446D-A4DD-6A31B63BDEF0}.Release|x64.Build.0 = Debug|Any CPU
		{1B2EED26-0156-446D-A4DD-6A31B63BDEF0}.Release|x86.ActiveCfg = Debug|Any CPU
		{1B2EED26-0156-446D-A4DD-6A31B63BDEF0}.Release|x86.Build.0 = Debug|Any CPU
		{84BB2B5D-260D-4339-A8D2-0F7272B5EE1A}.Debug|Any CPU.ActiveCfg = Debug|Any CPU
		{84BB2B5D-260D-4339-A8D2-0F7272B5EE1A}.Debug|Any CPU.Build.0 = Debug|Any CPU
		{84BB2B5D-260D-4339-A8D2-0F7272B5EE1A}.Debug|x64.ActiveCfg = Debug|Any CPU
		{84BB2B5D-260D-4339-A8D2-0F7272B5EE1A}.Debug|x64.Build.0 = Debug|Any CPU
		{84BB2B5D-260D-4339-A8D2-0F7272B5EE1A}.Debug|x86.ActiveCfg = Debug|Any CPU
		{84BB2B5D-260D-4339-A8D2-0F7272B5EE1A}.Debug|x86.Build.0 = Debug|Any CPU
		{84BB2B5D-260D-4339-A8D2-0F7272B5EE1A}.Release|Any CPU.ActiveCfg = Release|Any CPU
		{84BB2B5D-260D-4339-A8D2-0F7272B5EE1A}.Release|Any CPU.Build.0 = Release|Any CPU
		{84BB2B5D-260D-4339-A8D2-0F7272B5EE1A}.Release|x64.ActiveCfg = Release|Any CPU
		{84BB2B5D-260D-4339-A8D2-0F7272B5EE1A}.Release|x64.Build.0 = Release|Any CPU
		{84BB2B5D-260D-4339-A8D2-0F7272B5EE1A}.Release|x86.ActiveCfg = Release|Any CPU
		{84BB2B5D-260D-4339-A8D2-0F7272B5EE1A}.Release|x86.Build.0 = Release|Any CPU
	EndGlobalSection
	GlobalSection(SolutionProperties) = preSolution
		HideSolutionNode = FALSE
	EndGlobalSection
	GlobalSection(NestedProjects) = preSolution
		{220A1553-AE11-421F-A607-51879B59254E} = {F2E35B3E-9711-EDEC-6202-DB40BDEED14A}
		{205F9FAF-9775-4E9B-A00C-623CFA907535} = {F2E35B3E-9711-EDEC-6202-DB40BDEED14A}
		{4A2AC979-9D44-4B55-AFF3-BE622B66ECE5} = {0AB3BF05-4346-4AA6-1389-037BE0695223}
		{1B2EED26-0156-446D-A4DD-6A31B63BDEF0} = {8D4FAABC-C56A-6D5C-8531-6A6B417F5DBA}
		{84BB2B5D-260D-4339-A8D2-0F7272B5EE1A} = {0AB3BF05-4346-4AA6-1389-037BE0695223}
	EndGlobalSection
EndGlobal
